// !$*UTF8*$!
{
	archiveVersion = 1;
	classes = {
	};
	objectVersion = 46;
	objects = {

/* Begin PBXBuildFile section */
		FB4826051AF8D1A40093C3CB /* AppDelegate.swift in Sources */ = {isa = PBXBuildFile; fileRef = FB4826041AF8D1A40093C3CB /* AppDelegate.swift */; };
		FB4826081AF8D1A40093C3CB /* LoginWithStar.xcdatamodeld in Sources */ = {isa = PBXBuildFile; fileRef = FB4826061AF8D1A40093C3CB /* LoginWithStar.xcdatamodeld */; };
		FB48260A1AF8D1A40093C3CB /* ViewController.swift in Sources */ = {isa = PBXBuildFile; fileRef = FB4826091AF8D1A40093C3CB /* ViewController.swift */; };
		FB48260D1AF8D1A40093C3CB /* Main.storyboard in Resources */ = {isa = PBXBuildFile; fileRef = FB48260B1AF8D1A40093C3CB /* Main.storyboard */; };
		FB48260F1AF8D1A40093C3CB /* Images.xcassets in Resources */ = {isa = PBXBuildFile; fileRef = FB48260E1AF8D1A40093C3CB /* Images.xcassets */; };
		FB4826121AF8D1A40093C3CB /* LaunchScreen.xib in Resources */ = {isa = PBXBuildFile; fileRef = FB4826101AF8D1A40093C3CB /* LaunchScreen.xib */; };
		FB48261E1AF8D1A40093C3CB /* LoginWithStarTests.swift in Sources */ = {isa = PBXBuildFile; fileRef = FB48261D1AF8D1A40093C3CB /* LoginWithStarTests.swift */; };
/* End PBXBuildFile section */

/* Begin PBXContainerItemProxy section */
		FB4826181AF8D1A40093C3CB /* PBXContainerItemProxy */ = {
			isa = PBXContainerItemProxy;
			containerPortal = FB4825F71AF8D1A40093C3CB /* Project object */;
			proxyType = 1;
			remoteGlobalIDString = FB4825FE1AF8D1A40093C3CB;
			remoteInfo = LoginWithStar;
		};
/* End PBXContainerItemProxy section */

/* Begin PBXFileReference section */
		FB4825FF1AF8D1A40093C3CB /* LoginWithStar.app */ = {isa = PBXFileReference; explicitFileType = wrapper.application; includeInIndex = 0; path = LoginWithStar.app; sourceTree = BUILT_PRODUCTS_DIR; };
		FB4826031AF8D1A40093C3CB /* Info.plist */ = {isa = PBXFileReference; lastKnownFileType = text.plist.xml; path = Info.plist; sourceTree = "<group>"; };
		FB4826041AF8D1A40093C3CB /* AppDelegate.swift */ = {isa = PBXFileReference; lastKnownFileType = sourcecode.swift; path = AppDelegate.swift; sourceTree = "<group>"; };
		FB4826071AF8D1A40093C3CB /* LoginWithStar.xcdatamodel */ = {isa = PBXFileReference; lastKnownFileType = wrapper.xcdatamodel; path = LoginWithStar.xcdatamodel; sourceTree = "<group>"; };
		FB4826091AF8D1A40093C3CB /* ViewController.swift */ = {isa = PBXFileReference; lastKnownFileType = sourcecode.swift; path = ViewController.swift; sourceTree = "<group>"; };
		FB48260C1AF8D1A40093C3CB /* Base */ = {isa = PBXFileReference; lastKnownFileType = file.storyboard; name = Base; path = Base.lproj/Main.storyboard; sourceTree = "<group>"; };
		FB48260E1AF8D1A40093C3CB /* Images.xcassets */ = {isa = PBXFileReference; lastKnownFileType = folder.assetcatalog; path = Images.xcassets; sourceTree = "<group>"; };
		FB4826111AF8D1A40093C3CB /* Base */ = {isa = PBXFileReference; lastKnownFileType = file.xib; name = Base; path = Base.lproj/LaunchScreen.xib; sourceTree = "<group>"; };
		FB4826171AF8D1A40093C3CB /* LoginWithStarTests.xctest */ = {isa = PBXFileReference; explicitFileType = wrapper.cfbundle; includeInIndex = 0; path = LoginWithStarTests.xctest; sourceTree = BUILT_PRODUCTS_DIR; };
		FB48261C1AF8D1A40093C3CB /* Info.plist */ = {isa = PBXFileReference; lastKnownFileType = text.plist.xml; path = Info.plist; sourceTree = "<group>"; };
		FB48261D1AF8D1A40093C3CB /* LoginWithStarTests.swift */ = {isa = PBXFileReference; lastKnownFileType = sourcecode.swift; path = LoginWithStarTests.swift; sourceTree = "<group>"; };
/* End PBXFileReference section */

/* Begin PBXFrameworksBuildPhase section */
		FB4825FC1AF8D1A40093C3CB /* Frameworks */ = {
			isa = PBXFrameworksBuildPhase;
			buildActionMask = 2147483647;
			files = (
			);
			runOnlyForDeploymentPostprocessing = 0;
		};
		FB4826141AF8D1A40093C3CB /* Frameworks */ = {
			isa = PBXFrameworksBuildPhase;
			buildActionMask = 2147483647;
			files = (
			);
			runOnlyForDeploymentPostprocessing = 0;
		};
/* End PBXFrameworksBuildPhase section */

/* Begin PBXGroup section */
		FB4825F61AF8D1A40093C3CB = {
			isa = PBXGroup;
			children = (
				FB4826011AF8D1A40093C3CB /* LoginWithStar */,
				FB48261A1AF8D1A40093C3CB /* LoginWithStarTests */,
				FB4826001AF8D1A40093C3CB /* Products */,
			);
			sourceTree = "<group>";
		};
		FB4826001AF8D1A40093C3CB /* Products */ = {
			isa = PBXGroup;
			children = (
				FB4825FF1AF8D1A40093C3CB /* LoginWithStar.app */,
				FB4826171AF8D1A40093C3CB /* LoginWithStarTests.xctest */,
			);
			name = Products;
			sourceTree = "<group>";
		};
		FB4826011AF8D1A40093C3CB /* LoginWithStar */ = {
			isa = PBXGroup;
			children = (
				FB4826041AF8D1A40093C3CB /* AppDelegate.swift */,
				FB4826091AF8D1A40093C3CB /* ViewController.swift */,
				FB48260B1AF8D1A40093C3CB /* Main.storyboard */,
				FB48260E1AF8D1A40093C3CB /* Images.xcassets */,
				FB4826101AF8D1A40093C3CB /* LaunchScreen.xib */,
				FB4826061AF8D1A40093C3CB /* LoginWithStar.xcdatamodeld */,
				FB4826021AF8D1A40093C3CB /* Supporting Files */,
			);
			path = LoginWithStar;
			sourceTree = "<group>";
		};
		FB4826021AF8D1A40093C3CB /* Supporting Files */ = {
			isa = PBXGroup;
			children = (
				FB4826031AF8D1A40093C3CB /* Info.plist */,
			);
			name = "Supporting Files";
			sourceTree = "<group>";
		};
		FB48261A1AF8D1A40093C3CB /* LoginWithStarTests */ = {
			isa = PBXGroup;
			children = (
				FB48261D1AF8D1A40093C3CB /* LoginWithStarTests.swift */,
				FB48261B1AF8D1A40093C3CB /* Supporting Files */,
			);
			path = LoginWithStarTests;
			sourceTree = "<group>";
		};
		FB48261B1AF8D1A40093C3CB /* Supporting Files */ = {
			isa = PBXGroup;
			children = (
				FB48261C1AF8D1A40093C3CB /* Info.plist */,
			);
			name = "Supporting Files";
			sourceTree = "<group>";
		};
/* End PBXGroup section */

/* Begin PBXNativeTarget section */
		FB4825FE1AF8D1A40093C3CB /* LoginWithStar */ = {
			isa = PBXNativeTarget;
			buildConfigurationList = FB4826211AF8D1A40093C3CB /* Build configuration list for PBXNativeTarget "LoginWithStar" */;
			buildPhases = (
				FB4825FB1AF8D1A40093C3CB /* Sources */,
				FB4825FC1AF8D1A40093C3CB /* Frameworks */,
				FB4825FD1AF8D1A40093C3CB /* Resources */,
			);
			buildRules = (
			);
			dependencies = (
			);
			name = LoginWithStar;
			productName = LoginWithStar;
			productReference = FB4825FF1AF8D1A40093C3CB /* LoginWithStar.app */;
			productType = "com.apple.product-type.application";
		};
		FB4826161AF8D1A40093C3CB /* LoginWithStarTests */ = {
			isa = PBXNativeTarget;
			buildConfigurationList = FB4826241AF8D1A40093C3CB /* Build configuration list for PBXNativeTarget "LoginWithStarTests" */;
			buildPhases = (
				FB4826131AF8D1A40093C3CB /* Sources */,
				FB4826141AF8D1A40093C3CB /* Frameworks */,
				FB4826151AF8D1A40093C3CB /* Resources */,
			);
			buildRules = (
			);
			dependencies = (
				FB4826191AF8D1A40093C3CB /* PBXTargetDependency */,
			);
			name = LoginWithStarTests;
			productName = LoginWithStarTests;
			productReference = FB4826171AF8D1A40093C3CB /* LoginWithStarTests.xctest */;
			productType = "com.apple.product-type.bundle.unit-test";
		};
/* End PBXNativeTarget section */

/* Begin PBXProject section */
		FB4825F71AF8D1A40093C3CB /* Project object */ = {
			isa = PBXProject;
			attributes = {
				LastUpgradeCheck = 0620;
				ORGANIZATIONNAME = Student12;
				TargetAttributes = {
					FB4825FE1AF8D1A40093C3CB = {
						CreatedOnToolsVersion = 6.2;
					};
					FB4826161AF8D1A40093C3CB = {
						CreatedOnToolsVersion = 6.2;
						TestTargetID = FB4825FE1AF8D1A40093C3CB;
					};
				};
			};
			buildConfigurationList = FB4825FA1AF8D1A40093C3CB /* Build configuration list for PBXProject "LoginWithStar" */;
			compatibilityVersion = "Xcode 3.2";
			developmentRegion = English;
			hasScannedForEncodings = 0;
			knownRegions = (
				en,
				Base,
			);
			mainGroup = FB4825F61AF8D1A40093C3CB;
			productRefGroup = FB4826001AF8D1A40093C3CB /* Products */;
			projectDirPath = "";
			projectRoot = "";
			targets = (
				FB4825FE1AF8D1A40093C3CB /* LoginWithStar */,
				FB4826161AF8D1A40093C3CB /* LoginWithStarTests */,
			);
		};
/* End PBXProject section */

/* Begin PBXResourcesBuildPhase section */
		FB4825FD1AF8D1A40093C3CB /* Resources */ = {
			isa = PBXResourcesBuildPhase;
			buildActionMask = 2147483647;
			files = (
				FB48260D1AF8D1A40093C3CB /* Main.storyboard in Resources */,
				FB4826121AF8D1A40093C3CB /* LaunchScreen.xib in Resources */,
				FB48260F1AF8D1A40093C3CB /* Images.xcassets in Resources */,
			);
			runOnlyForDeploymentPostprocessing = 0;
		};
		FB4826151AF8D1A40093C3CB /* Resources */ = {
			isa = PBXResourcesBuildPhase;
			buildActionMask = 2147483647;
			files = (
			);
			runOnlyForDeploymentPostprocessing = 0;
		};
/* End PBXResourcesBuildPhase section */

/* Begin PBXSourcesBuildPhase section */
		FB4825FB1AF8D1A40093C3CB /* Sources */ = {
			isa = PBXSourcesBuildPhase;
			buildActionMask = 2147483647;
			files = (
				FB48260A1AF8D1A40093C3CB /* ViewController.swift in Sources */,
				FB4826051AF8D1A40093C3CB /* AppDelegate.swift in Sources */,
				FB4826081AF8D1A40093C3CB /* LoginWithStar.xcdatamodeld in Sources */,
			);
			runOnlyForDeploymentPostprocessing = 0;
		};
		FB4826131AF8D1A40093C3CB /* Sources */ = {
			isa = PBXSourcesBuildPhase;
			buildActionMask = 2147483647;
			files = (
				FB48261E1AF8D1A40093C3CB /* LoginWithStarTests.swift in Sources */,
			);
			runOnlyForDeploymentPostprocessing = 0;
		};
/* End PBXSourcesBuildPhase section */

/* Begin PBXTargetDependency section */
		FB4826191AF8D1A40093C3CB /* PBXTargetDependency */ = {
			isa = PBXTargetDependency;
			target = FB4825FE1AF8D1A40093C3CB /* LoginWithStar */;
			targetProxy = FB4826181AF8D1A40093C3CB /* PBXContainerItemProxy */;
		};
/* End PBXTargetDependency section */

/* Begin PBXVariantGroup section */
		FB48260B1AF8D1A40093C3CB /* Main.storyboard */ = {
			isa = PBXVariantGroup;
			children = (
				FB48260C1AF8D1A40093C3CB /* Base */,
			);
			name = Main.storyboard;
			sourceTree = "<group>";
		};
		FB4826101AF8D1A40093C3CB /* LaunchScreen.xib */ = {
			isa = PBXVariantGroup;
			children = (
				FB4826111AF8D1A40093C3CB /* Base */,
			);
			name = LaunchScreen.xib;
			sourceTree = "<group>";
		};
/* End PBXVariantGroup section */

/* Begin XCBuildConfiguration section */
		FB48261F1AF8D1A40093C3CB /* Debug */ = {
			isa = XCBuildConfiguration;
			buildSettings = {
				ALWAYS_SEARCH_USER_PATHS = NO;
				CLANG_CXX_LANGUAGE_STANDARD = "gnu++0x";
				CLANG_CXX_LIBRARY = "libc++";
				CLANG_ENABLE_MODULES = YES;
				CLANG_ENABLE_OBJC_ARC = YES;
				CLANG_WARN_BOOL_CONVERSION = YES;
				CLANG_WARN_CONSTANT_CONVERSION = YES;
				CLANG_WARN_DIRECT_OBJC_ISA_USAGE = YES_ERROR;
				CLANG_WARN_EMPTY_BODY = YES;
				CLANG_WARN_ENUM_CONVERSION = YES;
				CLANG_WARN_INT_CONVERSION = YES;
				CLANG_WARN_OBJC_ROOT_CLASS = YES_ERROR;
				CLANG_WARN_UNREACHABLE_CODE = YES;
				CLANG_WARN__DUPLICATE_METHOD_MATCH = YES;
				"CODE_SIGN_IDENTITY[sdk=iphoneos*]" = "iPhone Developer";
				COPY_PHASE_STRIP = NO;
				ENABLE_STRICT_OBJC_MSGSEND = YES;
				GCC_C_LANGUAGE_STANDARD = gnu99;
				GCC_DYNAMIC_NO_PIC = NO;
				GCC_OPTIMIZATION_LEVEL = 0;
				GCC_PREPROCESSOR_DEFINITIONS = (
					"DEBUG=1",
					"$(inherited)",
				);
				GCC_SYMBOLS_PRIVATE_EXTERN = NO;
				GCC_WARN_64_TO_32_BIT_CONVERSION = YES;
				GCC_WARN_ABOUT_RETURN_TYPE = YES_ERROR;
				GCC_WARN_UNDECLARED_SELECTOR = YES;
				GCC_WARN_UNINITIALIZED_AUTOS = YES_AGGRESSIVE;
				GCC_WARN_UNUSED_FUNCTION = YES;
				GCC_WARN_UNUSED_VARIABLE = YES;
				IPHONEOS_DEPLOYMENT_TARGET = 8.2;
				MTL_ENABLE_DEBUG_INFO = YES;
				ONLY_ACTIVE_ARCH = YES;
				SDKROOT = iphoneos;
				SWIFT_OPTIMIZATION_LEVEL = "-Onone";
			};
			name = Debug;
		};
		FB4826201AF8D1A40093C3CB /* Release */ = {
			isa = XCBuildConfiguration;
			buildSettings = {
				ALWAYS_SEARCH_USER_PATHS = NO;
				CLANG_CXX_LANGUAGE_STANDARD = "gnu++0x";
				CLANG_CXX_LIBRARY = "libc++";
				CLANG_ENABLE_MODULES = YES;
				CLANG_ENABLE_OBJC_ARC = YES;
				CLANG_WARN_BOOL_CONVERSION = YES;
				CLANG_WARN_CONSTANT_CONVERSION = YES;
				CLANG_WARN_DIRECT_OBJC_ISA_USAGE = YES_ERROR;
				CLANG_WARN_EMPTY_BODY = YES;
				CLANG_WARN_ENUM_CONVERSION = YES;
				CLANG_WARN_INT_CONVERSION = YES;
				CLANG_WARN_OBJC_ROOT_CLASS = YES_ERROR;
				CLANG_WARN_UNREACHABLE_CODE = YES;
				CLANG_WARN__DUPLICATE_METHOD_MATCH = YES;
				"CODE_SIGN_IDENTITY[sdk=iphoneos*]" = "iPhone Developer";
				COPY_PHASE_STRIP = NO;
				ENABLE_NS_ASSERTIONS = NO;
				ENABLE_STRICT_OBJC_MSGSEND = YES;
				GCC_C_LANGUAGE_STANDARD = gnu99;
				GCC_WARN_64_TO_32_BIT_CONVERSION = YES;
				GCC_WARN_ABOUT_RETURN_TYPE = YES_ERROR;
				GCC_WARN_UNDECLARED_SELECTOR = YES;
				GCC_WARN_UNINITIALIZED_AUTOS = YES_AGGRESSIVE;
				GCC_WARN_UNUSED_FUNCTION = YES;
				GCC_WARN_UNUSED_VARIABLE = YES;
				IPHONEOS_DEPLOYMENT_TARGET = 8.2;
				MTL_ENABLE_DEBUG_INFO = NO;
				SDKROOT = iphoneos;
				VALIDATE_PRODUCT = YES;
			};
			name = Release;
		};
		FB4826221AF8D1A40093C3CB /* Debug */ = {
			isa = XCBuildConfiguration;
			buildSettings = {
				ASSETCATALOG_COMPILER_APPICON_NAME = AppIcon;
				INFOPLIST_FILE = LoginWithStar/Info.plist;
				LD_RUNPATH_SEARCH_PATHS = "$(inherited) @executable_path/Frameworks";
				PRODUCT_NAME = "$(TARGET_NAME)";
			};
			name = Debug;
		};
		FB4826231AF8D1A40093C3CB /* Release */ = {
			isa = XCBuildConfiguration;
			buildSettings = {
				ASSETCATALOG_COMPILER_APPICON_NAME = AppIcon;
				INFOPLIST_FILE = LoginWithStar/Info.plist;
				LD_RUNPATH_SEARCH_PATHS = "$(inherited) @executable_path/Frameworks";
				PRODUCT_NAME = "$(TARGET_NAME)";
			};
			name = Release;
		};
		FB4826251AF8D1A40093C3CB /* Debug */ = {
			isa = XCBuildConfiguration;
			buildSettings = {
				BUNDLE_LOADER = "$(TEST_HOST)";
				FRAMEWORK_SEARCH_PATHS = (
					"$(SDKROOT)/Developer/Library/Frameworks",
					"$(inherited)",
				);
				GCC_PREPROCESSOR_DEFINITIONS = (
					"DEBUG=1",
					"$(inherited)",
				);
				INFOPLIST_FILE = LoginWithStarTests/Info.plist;
				LD_RUNPATH_SEARCH_PATHS = "$(inherited) @executable_path/Frameworks @loader_path/Frameworks";
				PRODUCT_NAME = "$(TARGET_NAME)";
				TEST_HOST = "$(BUILT_PRODUCTS_DIR)/LoginWithStar.app/LoginWithStar";
			};
			name = Debug;
		};
		FB4826261AF8D1A40093C3CB /* Release */ = {
			isa = XCBuildConfiguration;
			buildSettings = {
				BUNDLE_LOADER = "$(TEST_HOST)";
				FRAMEWORK_SEARCH_PATHS = (
					"$(SDKROOT)/Developer/Library/Frameworks",
					"$(inherited)",
				);
				INFOPLIST_FILE = LoginWithStarTests/Info.plist;
				LD_RUNPATH_SEARCH_PATHS = "$(inherited) @executable_path/Frameworks @loader_path/Frameworks";
				PRODUCT_NAME = "$(TARGET_NAME)";
				TEST_HOST = "$(BUILT_PRODUCTS_DIR)/LoginWithStar.app/LoginWithStar";
			};
			name = Release;
		};
/* End XCBuildConfiguration section */

/* Begin XCConfigurationList section */
		FB4825FA1AF8D1A40093C3CB /* Build configuration list for PBXProject "LoginWithStar" */ = {
			isa = XCConfigurationList;
			buildConfigurations = (
				FB48261F1AF8D1A40093C3CB /* Debug */,
				FB4826201AF8D1A40093C3CB /* Release */,
			);
			defaultConfigurationIsVisible = 0;
			defaultConfigurationName = Release;
		};
		FB4826211AF8D1A40093C3CB /* Build configuration list for PBXNativeTarget "LoginWithStar" */ = {
			isa = XCConfigurationList;
			buildConfigurations = (
				FB4826221AF8D1A40093C3CB /* Debug */,
				FB4826231AF8D1A40093C3CB /* Release */,
			);
			defaultConfigurationIsVisible = 0;
		};
		FB4826241AF8D1A40093C3CB /* Build configuration list for PBXNativeTarget "LoginWithStarTests" */ = {
			isa = XCConfigurationList;
			buildConfigurations = (
				FB4826251AF8D1A40093C3CB /* Debug */,
				FB4826261AF8D1A40093C3CB /* Release */,
			);
			defaultConfigurationIsVisible = 0;
		};
/* End XCConfigurationList section */

/* Begin XCVersionGroup section */
		FB4826061AF8D1A40093C3CB /* LoginWithStar.xcdatamodeld */ = {
			isa = XCVersionGroup;
			children = (
				FB4826071AF8D1A40093C3CB /* LoginWithStar.xcdatamodel */,
			);
			currentVersion = FB4826071AF8D1A40093C3CB /* LoginWithStar.xcdatamodel */;
			path = LoginWithStar.xcdatamodeld;
			sourceTree = "<group>";
			versionGroupType = wrapper.xcdatamodel;
		};
/* End XCVersionGroup section */
	};
	rootObject = FB4825F71AF8D1A40093C3CB /* Project object */;
}
